// !$*UTF8*$!
{
	archiveVersion = 1;
	classes = {
	};
	objectVersion = 56;
	objects = {

/* Begin PBXBuildFile section */
		097540D92B2EB13A008E0F65 /* AppDelegate.swift in Sources */ = {isa = PBXBuildFile; fileRef = 097540D82B2EB13A008E0F65 /* AppDelegate.swift */; };
		097540DB2B2EB13A008E0F65 /* SceneDelegate.swift in Sources */ = {isa = PBXBuildFile; fileRef = 097540DA2B2EB13A008E0F65 /* SceneDelegate.swift */; };
		097540DD2B2EB13A008E0F65 /* HomeVC.swift in Sources */ = {isa = PBXBuildFile; fileRef = 097540DC2B2EB13A008E0F65 /* HomeVC.swift */; };
		097540E32B2EB13A008E0F65 /* OCR.xcdatamodeld in Sources */ = {isa = PBXBuildFile; fileRef = 097540E12B2EB13A008E0F65 /* OCR.xcdatamodeld */; };
		097540E52B2EB13A008E0F65 /* Assets.xcassets in Resources */ = {isa = PBXBuildFile; fileRef = 097540E42B2EB13A008E0F65 /* Assets.xcassets */; };
		097540F02B2EB22F008E0F65 /* SetLayout.swift in Sources */ = {isa = PBXBuildFile; fileRef = 097540EF2B2EB22F008E0F65 /* SetLayout.swift */; };
		097540F32B2EB4B0008E0F65 /* CameraPermission.swift in Sources */ = {isa = PBXBuildFile; fileRef = 097540F22B2EB4B0008E0F65 /* CameraPermission.swift */; };
		097540F52B2EB4E5008E0F65 /* ImageExtension.swift in Sources */ = {isa = PBXBuildFile; fileRef = 097540F42B2EB4E5008E0F65 /* ImageExtension.swift */; };
		09CC539B2B2EB90B00186225 /* LaunchScreen.storyboard in Resources */ = {isa = PBXBuildFile; fileRef = 09CC539A2B2EB90B00186225 /* LaunchScreen.storyboard */; };
		1C0F65DA9CC5E3BCF3233710 /* Pods_OCR.framework in Frameworks */ = {isa = PBXBuildFile; fileRef = ECC5F295451240A181DFA8AC /* Pods_OCR.framework */; };
/* End PBXBuildFile section */

/* Begin PBXFileReference section */
		097540D52B2EB13A008E0F65 /* OCR.app */ = {isa = PBXFileReference; explicitFileType = wrapper.application; includeInIndex = 0; path = OCR.app; sourceTree = BUILT_PRODUCTS_DIR; };
		097540D82B2EB13A008E0F65 /* AppDelegate.swift */ = {isa = PBXFileReference; lastKnownFileType = sourcecode.swift; path = AppDelegate.swift; sourceTree = "<group>"; };
		097540DA2B2EB13A008E0F65 /* SceneDelegate.swift */ = {isa = PBXFileReference; lastKnownFileType = sourcecode.swift; path = SceneDelegate.swift; sourceTree = "<group>"; };
		097540DC2B2EB13A008E0F65 /* HomeVC.swift */ = {isa = PBXFileReference; lastKnownFileType = sourcecode.swift; path = HomeVC.swift; sourceTree = "<group>"; };
		097540E22B2EB13A008E0F65 /* OCR.xcdatamodel */ = {isa = PBXFileReference; lastKnownFileType = wrapper.xcdatamodel; path = OCR.xcdatamodel; sourceTree = "<group>"; };
		097540E42B2EB13A008E0F65 /* Assets.xcassets */ = {isa = PBXFileReference; lastKnownFileType = folder.assetcatalog; path = Assets.xcassets; sourceTree = "<group>"; };
		097540E92B2EB13A008E0F65 /* Info.plist */ = {isa = PBXFileReference; lastKnownFileType = text.plist.xml; path = Info.plist; sourceTree = "<group>"; };
		097540EF2B2EB22F008E0F65 /* SetLayout.swift */ = {isa = PBXFileReference; fileEncoding = 4; lastKnownFileType = sourcecode.swift; path = SetLayout.swift; sourceTree = "<group>"; };
		097540F22B2EB4B0008E0F65 /* CameraPermission.swift */ = {isa = PBXFileReference; lastKnownFileType = sourcecode.swift; path = CameraPermission.swift; sourceTree = "<group>"; };
		097540F42B2EB4E5008E0F65 /* ImageExtension.swift */ = {isa = PBXFileReference; lastKnownFileType = sourcecode.swift; path = ImageExtension.swift; sourceTree = "<group>"; };
		09CC539A2B2EB90B00186225 /* LaunchScreen.storyboard */ = {isa = PBXFileReference; fileEncoding = 4; lastKnownFileType = file.storyboard; path = LaunchScreen.storyboard; sourceTree = "<group>"; };
		18443E8A507AA246330E3A87 /* Pods-OCR.debug.xcconfig */ = {isa = PBXFileReference; includeInIndex = 1; lastKnownFileType = text.xcconfig; name = "Pods-OCR.debug.xcconfig"; path = "Target Support Files/Pods-OCR/Pods-OCR.debug.xcconfig"; sourceTree = "<group>"; };
		9CB44B53040EF6741CA8236E /* Pods-OCR.release.xcconfig */ = {isa = PBXFileReference; includeInIndex = 1; lastKnownFileType = text.xcconfig; name = "Pods-OCR.release.xcconfig"; path = "Target Support Files/Pods-OCR/Pods-OCR.release.xcconfig"; sourceTree = "<group>"; };
		ECC5F295451240A181DFA8AC /* Pods_OCR.framework */ = {isa = PBXFileReference; explicitFileType = wrapper.framework; includeInIndex = 0; path = Pods_OCR.framework; sourceTree = BUILT_PRODUCTS_DIR; };
/* End PBXFileReference section */

/* Begin PBXFrameworksBuildPhase section */
		097540D22B2EB13A008E0F65 /* Frameworks */ = {
			isa = PBXFrameworksBuildPhase;
			buildActionMask = 2147483647;
			files = (
				1C0F65DA9CC5E3BCF3233710 /* Pods_OCR.framework in Frameworks */,
			);
			runOnlyForDeploymentPostprocessing = 0;
		};
/* End PBXFrameworksBuildPhase section */

/* Begin PBXGroup section */
		097540CC2B2EB13A008E0F65 = {
			isa = PBXGroup;
			children = (
				097540D72B2EB13A008E0F65 /* OCR */,
				097540D62B2EB13A008E0F65 /* Products */,
				68B2B8CC1B3D04A36C634A42 /* Pods */,
				3FD9412069ED9EE6029B785A /* Frameworks */,
			);
			sourceTree = "<group>";
		};
		097540D62B2EB13A008E0F65 /* Products */ = {
			isa = PBXGroup;
			children = (
				097540D52B2EB13A008E0F65 /* OCR.app */,
			);
			name = Products;
			sourceTree = "<group>";
		};
		097540D72B2EB13A008E0F65 /* OCR */ = {
			isa = PBXGroup;
			children = (
				097540F62B2EB633008E0F65 /* Scenes */,
				097540F12B2EB49C008E0F65 /* Extensions */,
				097540D82B2EB13A008E0F65 /* AppDelegate.swift */,
				097540DA2B2EB13A008E0F65 /* SceneDelegate.swift */,
				09CC539A2B2EB90B00186225 /* LaunchScreen.storyboard */,
				097540E42B2EB13A008E0F65 /* Assets.xcassets */,
				097540E92B2EB13A008E0F65 /* Info.plist */,
				097540E12B2EB13A008E0F65 /* OCR.xcdatamodeld */,
			);
			path = OCR;
			sourceTree = "<group>";
		};
		097540F12B2EB49C008E0F65 /* Extensions */ = {
			isa = PBXGroup;
			children = (
				097540EF2B2EB22F008E0F65 /* SetLayout.swift */,
				097540F22B2EB4B0008E0F65 /* CameraPermission.swift */,
				097540F42B2EB4E5008E0F65 /* ImageExtension.swift */,
			);
			path = Extensions;
			sourceTree = "<group>";
		};
		097540F62B2EB633008E0F65 /* Scenes */ = {
			isa = PBXGroup;
			children = (
				097540DC2B2EB13A008E0F65 /* HomeVC.swift */,
			);
			path = Scenes;
			sourceTree = "<group>";
		};
		3FD9412069ED9EE6029B785A /* Frameworks */ = {
			isa = PBXGroup;
			children = (
				ECC5F295451240A181DFA8AC /* Pods_OCR.framework */,
			);
			name = Frameworks;
			sourceTree = "<group>";
		};
		68B2B8CC1B3D04A36C634A42 /* Pods */ = {
			isa = PBXGroup;
			children = (
				18443E8A507AA246330E3A87 /* Pods-OCR.debug.xcconfig */,
				9CB44B53040EF6741CA8236E /* Pods-OCR.release.xcconfig */,
			);
			name = Pods;
			path = Pods;
			sourceTree = "<group>";
		};
/* End PBXGroup section */

/* Begin PBXNativeTarget section */
		097540D42B2EB13A008E0F65 /* OCR */ = {
			isa = PBXNativeTarget;
			buildConfigurationList = 097540EC2B2EB13A008E0F65 /* Build configuration list for PBXNativeTarget "OCR" */;
			buildPhases = (
				27C0FBDAC67CF90F645A529C /* [CP] Check Pods Manifest.lock */,
				097540D12B2EB13A008E0F65 /* Sources */,
				097540D22B2EB13A008E0F65 /* Frameworks */,
				097540D32B2EB13A008E0F65 /* Resources */,
				93211FC8E2086989E928FD5D /* [CP] Embed Pods Frameworks */,
				65C62F28BD25C14CBEE5B8B4 /* [CP] Copy Pods Resources */,
			);
			buildRules = (
			);
			dependencies = (
			);
			name = OCR;
			productName = OCR;
			productReference = 097540D52B2EB13A008E0F65 /* OCR.app */;
			productType = "com.apple.product-type.application";
		};
/* End PBXNativeTarget section */

/* Begin PBXProject section */
		097540CD2B2EB13A008E0F65 /* Project object */ = {
			isa = PBXProject;
			attributes = {
				BuildIndependentTargetsInParallel = 1;
				LastSwiftUpdateCheck = 1430;
				LastUpgradeCheck = 1430;
				TargetAttributes = {
					097540D42B2EB13A008E0F65 = {
						CreatedOnToolsVersion = 14.3.1;
					};
				};
			};
			buildConfigurationList = 097540D02B2EB13A008E0F65 /* Build configuration list for PBXProject "OCR" */;
			compatibilityVersion = "Xcode 14.0";
			developmentRegion = en;
			hasScannedForEncodings = 0;
			knownRegions = (
				en,
				Base,
			);
			mainGroup = 097540CC2B2EB13A008E0F65;
			productRefGroup = 097540D62B2EB13A008E0F65 /* Products */;
			projectDirPath = "";
			projectRoot = "";
			targets = (
				097540D42B2EB13A008E0F65 /* OCR */,
			);
		};
/* End PBXProject section */

/* Begin PBXResourcesBuildPhase section */
		097540D32B2EB13A008E0F65 /* Resources */ = {
			isa = PBXResourcesBuildPhase;
			buildActionMask = 2147483647;
			files = (
				09CC539B2B2EB90B00186225 /* LaunchScreen.storyboard in Resources */,
				097540E52B2EB13A008E0F65 /* Assets.xcassets in Resources */,
			);
			runOnlyForDeploymentPostprocessing = 0;
		};
/* End PBXResourcesBuildPhase section */

/* Begin PBXShellScriptBuildPhase section */
		27C0FBDAC67CF90F645A529C /* [CP] Check Pods Manifest.lock */ = {
			isa = PBXShellScriptBuildPhase;
			buildActionMask = 2147483647;
			files = (
			);
			inputFileListPaths = (
			);
			inputPaths = (
				"${PODS_PODFILE_DIR_PATH}/Podfile.lock",
				"${PODS_ROOT}/Manifest.lock",
			);
			name = "[CP] Check Pods Manifest.lock";
			outputFileListPaths = (
			);
			outputPaths = (
				"$(DERIVED_FILE_DIR)/Pods-OCR-checkManifestLockResult.txt",
			);
			runOnlyForDeploymentPostprocessing = 0;
			shellPath = /bin/sh;
			shellScript = "diff \"${PODS_PODFILE_DIR_PATH}/Podfile.lock\" \"${PODS_ROOT}/Manifest.lock\" > /dev/null\nif [ $? != 0 ] ; then\n    # print error to STDERR\n    echo \"error: The sandbox is not in sync with the Podfile.lock. Run 'pod install' or update your CocoaPods installation.\" >&2\n    exit 1\nfi\n# This output is used by Xcode 'outputs' to avoid re-running this script phase.\necho \"SUCCESS\" > \"${SCRIPT_OUTPUT_FILE_0}\"\n";
			showEnvVarsInLog = 0;
		};
		65C62F28BD25C14CBEE5B8B4 /* [CP] Copy Pods Resources */ = {
			isa = PBXShellScriptBuildPhase;
			buildActionMask = 2147483647;
			files = (
			);
			inputFileListPaths = (
				"${PODS_ROOT}/Target Support Files/Pods-OCR/Pods-OCR-resources-${CONFIGURATION}-input-files.xcfilelist",
			);
			name = "[CP] Copy Pods Resources";
			outputFileListPaths = (
				"${PODS_ROOT}/Target Support Files/Pods-OCR/Pods-OCR-resources-${CONFIGURATION}-output-files.xcfilelist",
			);
			runOnlyForDeploymentPostprocessing = 0;
			shellPath = /bin/sh;
			shellScript = "\"${PODS_ROOT}/Target Support Files/Pods-OCR/Pods-OCR-resources.sh\"\n";
			showEnvVarsInLog = 0;
		};
		93211FC8E2086989E928FD5D /* [CP] Embed Pods Frameworks */ = {
			isa = PBXShellScriptBuildPhase;
			buildActionMask = 2147483647;
			files = (
			);
			inputFileListPaths = (
				"${PODS_ROOT}/Target Support Files/Pods-OCR/Pods-OCR-frameworks-${CONFIGURATION}-input-files.xcfilelist",
			);
			name = "[CP] Embed Pods Frameworks";
			outputFileListPaths = (
				"${PODS_ROOT}/Target Support Files/Pods-OCR/Pods-OCR-frameworks-${CONFIGURATION}-output-files.xcfilelist",
			);
			runOnlyForDeploymentPostprocessing = 0;
			shellPath = /bin/sh;
			shellScript = "\"${PODS_ROOT}/Target Support Files/Pods-OCR/Pods-OCR-frameworks.sh\"\n";
			showEnvVarsInLog = 0;
		};
/* End PBXShellScriptBuildPhase section */

/* Begin PBXSourcesBuildPhase section */
		097540D12B2EB13A008E0F65 /* Sources */ = {
			isa = PBXSourcesBuildPhase;
			buildActionMask = 2147483647;
			files = (
				097540E32B2EB13A008E0F65 /* OCR.xcdatamodeld in Sources */,
				097540F32B2EB4B0008E0F65 /* CameraPermission.swift in Sources */,
				097540DD2B2EB13A008E0F65 /* HomeVC.swift in Sources */,
				097540F52B2EB4E5008E0F65 /* ImageExtension.swift in Sources */,
				097540D92B2EB13A008E0F65 /* AppDelegate.swift in Sources */,
				097540DB2B2EB13A008E0F65 /* SceneDelegate.swift in Sources */,
				097540F02B2EB22F008E0F65 /* SetLayout.swift in Sources */,
			);
			runOnlyForDeploymentPostprocessing = 0;
		};
/* End PBXSourcesBuildPhase section */

/* Begin XCBuildConfiguration section */
		097540EA2B2EB13A008E0F65 /* Debug */ = {
			isa = XCBuildConfiguration;
			buildSettings = {
				ALWAYS_SEARCH_USER_PATHS = NO;
				CLANG_ANALYZER_NONNULL = YES;
				CLANG_ANALYZER_NUMBER_OBJECT_CONVERSION = YES_AGGRESSIVE;
				CLANG_CXX_LANGUAGE_STANDARD = "gnu++20";
				CLANG_ENABLE_MODULES = YES;
				CLANG_ENABLE_OBJC_ARC = YES;
				CLANG_ENABLE_OBJC_WEAK = YES;
				CLANG_WARN_BLOCK_CAPTURE_AUTORELEASING = YES;
				CLANG_WARN_BOOL_CONVERSION = YES;
				CLANG_WARN_COMMA = YES;
				CLANG_WARN_CONSTANT_CONVERSION = YES;
				CLANG_WARN_DEPRECATED_OBJC_IMPLEMENTATIONS = YES;
				CLANG_WARN_DIRECT_OBJC_ISA_USAGE = YES_ERROR;
				CLANG_WARN_DOCUMENTATION_COMMENTS = YES;
				CLANG_WARN_EMPTY_BODY = YES;
				CLANG_WARN_ENUM_CONVERSION = YES;
				CLANG_WARN_INFINITE_RECURSION = YES;
				CLANG_WARN_INT_CONVERSION = YES;
				CLANG_WARN_NON_LITERAL_NULL_CONVERSION = YES;
				CLANG_WARN_OBJC_IMPLICIT_RETAIN_SELF = YES;
				CLANG_WARN_OBJC_LITERAL_CONVERSION = YES;
				CLANG_WARN_OBJC_ROOT_CLASS = YES_ERROR;
				CLANG_WARN_QUOTED_INCLUDE_IN_FRAMEWORK_HEADER = YES;
				CLANG_WARN_RANGE_LOOP_ANALYSIS = YES;
				CLANG_WARN_STRICT_PROTOTYPES = YES;
				CLANG_WARN_SUSPICIOUS_MOVE = YES;
				CLANG_WARN_UNGUARDED_AVAILABILITY = YES_AGGRESSIVE;
				CLANG_WARN_UNREACHABLE_CODE = YES;
				CLANG_WARN__DUPLICATE_METHOD_MATCH = YES;
				COPY_PHASE_STRIP = NO;
				DEBUG_INFORMATION_FORMAT = dwarf;
				ENABLE_STRICT_OBJC_MSGSEND = YES;
				ENABLE_TESTABILITY = YES;
				GCC_C_LANGUAGE_STANDARD = gnu11;
				GCC_DYNAMIC_NO_PIC = NO;
				GCC_NO_COMMON_BLOCKS = YES;
				GCC_OPTIMIZATION_LEVEL = 0;
				GCC_PREPROCESSOR_DEFINITIONS = (
					"DEBUG=1",
					"$(inherited)",
				);
				GCC_WARN_64_TO_32_BIT_CONVERSION = YES;
				GCC_WARN_ABOUT_RETURN_TYPE = YES_ERROR;
				GCC_WARN_UNDECLARED_SELECTOR = YES;
				GCC_WARN_UNINITIALIZED_AUTOS = YES_AGGRESSIVE;
				GCC_WARN_UNUSED_FUNCTION = YES;
				GCC_WARN_UNUSED_VARIABLE = YES;
				IPHONEOS_DEPLOYMENT_TARGET = 16.4;
				MTL_ENABLE_DEBUG_INFO = INCLUDE_SOURCE;
				MTL_FAST_MATH = YES;
				ONLY_ACTIVE_ARCH = YES;
				SDKROOT = iphoneos;
				SWIFT_ACTIVE_COMPILATION_CONDITIONS = DEBUG;
				SWIFT_OPTIMIZATION_LEVEL = "-Onone";
			};
			name = Debug;
		};
		097540EB2B2EB13A008E0F65 /* Release */ = {
			isa = XCBuildConfiguration;
			buildSettings = {
				ALWAYS_SEARCH_USER_PATHS = NO;
				CLANG_ANALYZER_NONNULL = YES;
				CLANG_ANALYZER_NUMBER_OBJECT_CONVERSION = YES_AGGRESSIVE;
				CLANG_CXX_LANGUAGE_STANDARD = "gnu++20";
				CLANG_ENABLE_MODULES = YES;
				CLANG_ENABLE_OBJC_ARC = YES;
				CLANG_ENABLE_OBJC_WEAK = YES;
				CLANG_WARN_BLOCK_CAPTURE_AUTORELEASING = YES;
				CLANG_WARN_BOOL_CONVERSION = YES;
				CLANG_WARN_COMMA = YES;
				CLANG_WARN_CONSTANT_CONVERSION = YES;
				CLANG_WARN_DEPRECATED_OBJC_IMPLEMENTATIONS = YES;
				CLANG_WARN_DIRECT_OBJC_ISA_USAGE = YES_ERROR;
				CLANG_WARN_DOCUMENTATION_COMMENTS = YES;
				CLANG_WARN_EMPTY_BODY = YES;
				CLANG_WARN_ENUM_CONVERSION = YES;
				CLANG_WARN_INFINITE_RECURSION = YES;
				CLANG_WARN_INT_CONVERSION = YES;
				CLANG_WARN_NON_LITERAL_NULL_CONVERSION = YES;
				CLANG_WARN_OBJC_IMPLICIT_RETAIN_SELF = YES;
				CLANG_WARN_OBJC_LITERAL_CONVERSION = YES;
				CLANG_WARN_OBJC_ROOT_CLASS = YES_ERROR;
				CLANG_WARN_QUOTED_INCLUDE_IN_FRAMEWORK_HEADER = YES;
				CLANG_WARN_RANGE_LOOP_ANALYSIS = YES;
				CLANG_WARN_STRICT_PROTOTYPES = YES;
				CLANG_WARN_SUSPICIOUS_MOVE = YES;
				CLANG_WARN_UNGUARDED_AVAILABILITY = YES_AGGRESSIVE;
				CLANG_WARN_UNREACHABLE_CODE = YES;
				CLANG_WARN__DUPLICATE_METHOD_MATCH = YES;
				COPY_PHASE_STRIP = NO;
				DEBUG_INFORMATION_FORMAT = "dwarf-with-dsym";
				ENABLE_NS_ASSERTIONS = NO;
				ENABLE_STRICT_OBJC_MSGSEND = YES;
				GCC_C_LANGUAGE_STANDARD = gnu11;
				GCC_NO_COMMON_BLOCKS = YES;
				GCC_WARN_64_TO_32_BIT_CONVERSION = YES;
				GCC_WARN_ABOUT_RETURN_TYPE = YES_ERROR;
				GCC_WARN_UNDECLARED_SELECTOR = YES;
				GCC_WARN_UNINITIALIZED_AUTOS = YES_AGGRESSIVE;
				GCC_WARN_UNUSED_FUNCTION = YES;
				GCC_WARN_UNUSED_VARIABLE = YES;
				IPHONEOS_DEPLOYMENT_TARGET = 16.4;
				MTL_ENABLE_DEBUG_INFO = NO;
				MTL_FAST_MATH = YES;
				SDKROOT = iphoneos;
				SWIFT_COMPILATION_MODE = wholemodule;
				SWIFT_OPTIMIZATION_LEVEL = "-O";
				VALIDATE_PRODUCT = YES;
			};
			name = Release;
		};
		097540ED2B2EB13A008E0F65 /* Debug */ = {
			isa = XCBuildConfiguration;
			baseConfigurationReference = 18443E8A507AA246330E3A87 /* Pods-OCR.debug.xcconfig */;
			buildSettings = {
				ASSETCATALOG_COMPILER_APPICON_NAME = AppIcon;
				ASSETCATALOG_COMPILER_GLOBAL_ACCENT_COLOR_NAME = AccentColor;
				CODE_SIGN_STYLE = Automatic;
				CURRENT_PROJECT_VERSION = 1;
				DEVELOPMENT_TEAM = 6GY9T72LC5;
				GENERATE_INFOPLIST_FILE = YES;
				INFOPLIST_FILE = OCR/Info.plist;
				INFOPLIST_KEY_UIApplicationSupportsIndirectInputEvents = YES;
				INFOPLIST_KEY_UILaunchStoryboardName = LaunchScreen;
				INFOPLIST_KEY_UISupportedInterfaceOrientations_iPad = "UIInterfaceOrientationPortrait UIInterfaceOrientationPortraitUpsideDown UIInterfaceOrientationLandscapeLeft UIInterfaceOrientationLandscapeRight";
				INFOPLIST_KEY_UISupportedInterfaceOrientations_iPhone = "UIInterfaceOrientationPortrait UIInterfaceOrientationLandscapeLeft UIInterfaceOrientationLandscapeRight";
				LD_RUNPATH_SEARCH_PATHS = (
					"$(inherited)",
					"@executable_path/Frameworks",
				);
				MARKETING_VERSION = 1.0;
				PRODUCT_BUNDLE_IDENTIFIER = com.OCR;
				PRODUCT_NAME = "$(TARGET_NAME)";
				SWIFT_EMIT_LOC_STRINGS = YES;
				SWIFT_VERSION = 5.0;
				TARGETED_DEVICE_FAMILY = "1,2";
			};
			name = Debug;
		};
		097540EE2B2EB13A008E0F65 /* Release */ = {
			isa = XCBuildConfiguration;
			baseConfigurationReference = 9CB44B53040EF6741CA8236E /* Pods-OCR.release.xcconfig */;
			buildSettings = {
				ASSETCATALOG_COMPILER_APPICON_NAME = AppIcon;
				ASSETCATALOG_COMPILER_GLOBAL_ACCENT_COLOR_NAME = AccentColor;
				CODE_SIGN_STYLE = Automatic;
				CURRENT_PROJECT_VERSION = 1;
				DEVELOPMENT_TEAM = 6GY9T72LC5;
				GENERATE_INFOPLIST_FILE = YES;
				INFOPLIST_FILE = OCR/Info.plist;
				INFOPLIST_KEY_UIApplicationSupportsIndirectInputEvents = YES;
				INFOPLIST_KEY_UILaunchStoryboardName = LaunchScreen;
				INFOPLIST_KEY_UISupportedInterfaceOrientations_iPad = "UIInterfaceOrientationPortrait UIInterfaceOrientationPortraitUpsideDown UIInterfaceOrientationLandscapeLeft UIInterfaceOrientationLandscapeRight";
				INFOPLIST_KEY_UISupportedInterfaceOrientations_iPhone = "UIInterfaceOrientationPortrait UIInterfaceOrientationLandscapeLeft UIInterfaceOrientationLandscapeRight";
				LD_RUNPATH_SEARCH_PATHS = (
					"$(inherited)",
					"@executable_path/Frameworks",
				);
				MARKETING_VERSION = 1.0;
				PRODUCT_BUNDLE_IDENTIFIER = com.OCR;
				PRODUCT_NAME = "$(TARGET_NAME)";
				SWIFT_EMIT_LOC_STRINGS = YES;
				SWIFT_VERSION = 5.0;
				TARGETED_DEVICE_FAMILY = "1,2";
			};
			name = Release;
		};
/* End XCBuildConfiguration section */

/* Begin XCConfigurationList section */
		097540D02B2EB13A008E0F65 /* Build configuration list for PBXProject "OCR" */ = {
			isa = XCConfigurationList;
			buildConfigurations = (
				097540EA2B2EB13A008E0F65 /* Debug */,
				097540EB2B2EB13A008E0F65 /* Release */,
			);
			defaultConfigurationIsVisible = 0;
			defaultConfigurationName = Release;
		};
		097540EC2B2EB13A008E0F65 /* Build configuration list for PBXNativeTarget "OCR" */ = {
			isa = XCConfigurationList;
			buildConfigurations = (
				097540ED2B2EB13A008E0F65 /* Debug */,
				097540EE2B2EB13A008E0F65 /* Release */,
			);
			defaultConfigurationIsVisible = 0;
			defaultConfigurationName = Release;
		};
/* End XCConfigurationList section */

/* Begin XCVersionGroup section */
		097540E12B2EB13A008E0F65 /* OCR.xcdatamodeld */ = {
			isa = XCVersionGroup;
			children = (
				097540E22B2EB13A008E0F65 /* OCR.xcdatamodel */,
			);
			currentVersion = 097540E22B2EB13A008E0F65 /* OCR.xcdatamodel */;
			path = OCR.xcdatamodeld;
			sourceTree = "<group>";
			versionGroupType = wrapper.xcdatamodel;
		};
/* End XCVersionGroup section */
	};
	rootObject = 097540CD2B2EB13A008E0F65 /* Project object */;
}
