// !$*UTF8*$!
{
	archiveVersion = 1;
	classes = {
	};
	objectVersion = 56;
	objects = {

/* Begin PBXBuildFile section */
		099BDEC42AF383360084911B /* ImageExtentison.swift in Sources */ = {isa = PBXBuildFile; fileRef = 099BDEC32AF383360084911B /* ImageExtentison.swift */; };
		099BDEC72AF38E4E0084911B /* PermissionExtension.swift in Sources */ = {isa = PBXBuildFile; fileRef = 099BDEC62AF38E4E0084911B /* PermissionExtension.swift */; };
		09EA7EEF2AF375CB008A9E13 /* AppDelegate.swift in Sources */ = {isa = PBXBuildFile; fileRef = 09EA7EEE2AF375CB008A9E13 /* AppDelegate.swift */; };
		09EA7EF12AF375CB008A9E13 /* SceneDelegate.swift in Sources */ = {isa = PBXBuildFile; fileRef = 09EA7EF02AF375CB008A9E13 /* SceneDelegate.swift */; };
		09EA7EF32AF375CB008A9E13 /* HomeVC.swift in Sources */ = {isa = PBXBuildFile; fileRef = 09EA7EF22AF375CB008A9E13 /* HomeVC.swift */; };
		09EA7EF62AF375CB008A9E13 /* Home.storyboard in Resources */ = {isa = PBXBuildFile; fileRef = 09EA7EF42AF375CB008A9E13 /* Home.storyboard */; };
		09EA7EF92AF375CB008A9E13 /* Mirror.xcdatamodeld in Sources */ = {isa = PBXBuildFile; fileRef = 09EA7EF72AF375CB008A9E13 /* Mirror.xcdatamodeld */; };
		09EA7EFB2AF375CC008A9E13 /* Assets.xcassets in Resources */ = {isa = PBXBuildFile; fileRef = 09EA7EFA2AF375CC008A9E13 /* Assets.xcassets */; };
		09EA7EFE2AF375CC008A9E13 /* LaunchScreen.storyboard in Resources */ = {isa = PBXBuildFile; fileRef = 09EA7EFC2AF375CC008A9E13 /* LaunchScreen.storyboard */; };
		09EA7F072AF3770C008A9E13 /* SetLayout.swift in Sources */ = {isa = PBXBuildFile; fileRef = 09EA7F062AF3770C008A9E13 /* SetLayout.swift */; };
		09EA7F0A2AF3774F008A9E13 /* SampleVC.swift in Sources */ = {isa = PBXBuildFile; fileRef = 09EA7F092AF3774F008A9E13 /* SampleVC.swift */; };
/* End PBXBuildFile section */

/* Begin PBXFileReference section */
		099BDEC32AF383360084911B /* ImageExtentison.swift */ = {isa = PBXFileReference; lastKnownFileType = sourcecode.swift; path = ImageExtentison.swift; sourceTree = "<group>"; };
		099BDEC62AF38E4E0084911B /* PermissionExtension.swift */ = {isa = PBXFileReference; lastKnownFileType = sourcecode.swift; path = PermissionExtension.swift; sourceTree = "<group>"; };
		09EA7EEB2AF375CB008A9E13 /* Mirror.app */ = {isa = PBXFileReference; explicitFileType = wrapper.application; includeInIndex = 0; path = Mirror.app; sourceTree = BUILT_PRODUCTS_DIR; };
		09EA7EEE2AF375CB008A9E13 /* AppDelegate.swift */ = {isa = PBXFileReference; lastKnownFileType = sourcecode.swift; path = AppDelegate.swift; sourceTree = "<group>"; };
		09EA7EF02AF375CB008A9E13 /* SceneDelegate.swift */ = {isa = PBXFileReference; lastKnownFileType = sourcecode.swift; path = SceneDelegate.swift; sourceTree = "<group>"; };
		09EA7EF22AF375CB008A9E13 /* HomeVC.swift */ = {isa = PBXFileReference; lastKnownFileType = sourcecode.swift; path = HomeVC.swift; sourceTree = "<group>"; };
		09EA7EF52AF375CB008A9E13 /* Base */ = {isa = PBXFileReference; lastKnownFileType = file.storyboard; name = Base; path = Base.lproj/Home.storyboard; sourceTree = "<group>"; };
		09EA7EF82AF375CB008A9E13 /* Mirror.xcdatamodel */ = {isa = PBXFileReference; lastKnownFileType = wrapper.xcdatamodel; path = Mirror.xcdatamodel; sourceTree = "<group>"; };
		09EA7EFA2AF375CC008A9E13 /* Assets.xcassets */ = {isa = PBXFileReference; lastKnownFileType = folder.assetcatalog; path = Assets.xcassets; sourceTree = "<group>"; };
		09EA7EFD2AF375CC008A9E13 /* Base */ = {isa = PBXFileReference; lastKnownFileType = file.storyboard; name = Base; path = Base.lproj/LaunchScreen.storyboard; sourceTree = "<group>"; };
		09EA7EFF2AF375CC008A9E13 /* Info.plist */ = {isa = PBXFileReference; lastKnownFileType = text.plist.xml; path = Info.plist; sourceTree = "<group>"; };
		09EA7F062AF3770C008A9E13 /* SetLayout.swift */ = {isa = PBXFileReference; lastKnownFileType = sourcecode.swift; path = SetLayout.swift; sourceTree = "<group>"; };
		09EA7F092AF3774F008A9E13 /* SampleVC.swift */ = {isa = PBXFileReference; lastKnownFileType = sourcecode.swift; path = SampleVC.swift; sourceTree = "<group>"; };
/* End PBXFileReference section */

/* Begin PBXFrameworksBuildPhase section */
		09EA7EE82AF375CB008A9E13 /* Frameworks */ = {
			isa = PBXFrameworksBuildPhase;
			buildActionMask = 2147483647;
			files = (
			);
			runOnlyForDeploymentPostprocessing = 0;
		};
/* End PBXFrameworksBuildPhase section */

/* Begin PBXGroup section */
		09EA7EE22AF375CB008A9E13 = {
			isa = PBXGroup;
			children = (
				09EA7EED2AF375CB008A9E13 /* Mirror */,
				09EA7EEC2AF375CB008A9E13 /* Products */,
			);
			sourceTree = "<group>";
		};
		09EA7EEC2AF375CB008A9E13 /* Products */ = {
			isa = PBXGroup;
			children = (
				09EA7EEB2AF375CB008A9E13 /* Mirror.app */,
			);
			name = Products;
			sourceTree = "<group>";
		};
		09EA7EED2AF375CB008A9E13 /* Mirror */ = {
			isa = PBXGroup;
			children = (
				09EA7F082AF37738008A9E13 /* Templates */,
				09EA7F052AF376F3008A9E13 /* Extensions */,
				09EA7EEE2AF375CB008A9E13 /* AppDelegate.swift */,
				09EA7EF02AF375CB008A9E13 /* SceneDelegate.swift */,
				09EA7EF22AF375CB008A9E13 /* HomeVC.swift */,
				09EA7EF42AF375CB008A9E13 /* Home.storyboard */,
				09EA7EFA2AF375CC008A9E13 /* Assets.xcassets */,
				09EA7EFC2AF375CC008A9E13 /* LaunchScreen.storyboard */,
				09EA7EFF2AF375CC008A9E13 /* Info.plist */,
				09EA7EF72AF375CB008A9E13 /* Mirror.xcdatamodeld */,
			);
			path = Mirror;
			sourceTree = "<group>";
		};
		09EA7F052AF376F3008A9E13 /* Extensions */ = {
			isa = PBXGroup;
			children = (
				099BDEC32AF383360084911B /* ImageExtentison.swift */,
				09EA7F062AF3770C008A9E13 /* SetLayout.swift */,
				099BDEC62AF38E4E0084911B /* PermissionExtension.swift */,
			);
			path = Extensions;
			sourceTree = "<group>";
		};
		09EA7F082AF37738008A9E13 /* Templates */ = {
			isa = PBXGroup;
			children = (
				09EA7F092AF3774F008A9E13 /* SampleVC.swift */,
			);
			path = Templates;
			sourceTree = "<group>";
		};
/* End PBXGroup section */

/* Begin PBXNativeTarget section */
		09EA7EEA2AF375CB008A9E13 /* Mirror */ = {
			isa = PBXNativeTarget;
			buildConfigurationList = 09EA7F022AF375CC008A9E13 /* Build configuration list for PBXNativeTarget "Mirror" */;
			buildPhases = (
				09EA7EE72AF375CB008A9E13 /* Sources */,
				09EA7EE82AF375CB008A9E13 /* Frameworks */,
				09EA7EE92AF375CB008A9E13 /* Resources */,
			);
			buildRules = (
			);
			dependencies = (
			);
			name = Mirror;
			productName = Mirror;
			productReference = 09EA7EEB2AF375CB008A9E13 /* Mirror.app */;
			productType = "com.apple.product-type.application";
		};
/* End PBXNativeTarget section */

/* Begin PBXProject section */
		09EA7EE32AF375CB008A9E13 /* Project object */ = {
			isa = PBXProject;
			attributes = {
				BuildIndependentTargetsInParallel = 1;
				LastSwiftUpdateCheck = 1430;
				LastUpgradeCheck = 1430;
				TargetAttributes = {
					09EA7EEA2AF375CB008A9E13 = {
						CreatedOnToolsVersion = 14.3.1;
					};
				};
			};
			buildConfigurationList = 09EA7EE62AF375CB008A9E13 /* Build configuration list for PBXProject "Mirror" */;
			compatibilityVersion = "Xcode 14.0";
			developmentRegion = en;
			hasScannedForEncodings = 0;
			knownRegions = (
				en,
				Base,
			);
			mainGroup = 09EA7EE22AF375CB008A9E13;
			productRefGroup = 09EA7EEC2AF375CB008A9E13 /* Products */;
			projectDirPath = "";
			projectRoot = "";
			targets = (
				09EA7EEA2AF375CB008A9E13 /* Mirror */,
			);
		};
/* End PBXProject section */

/* Begin PBXResourcesBuildPhase section */
		09EA7EE92AF375CB008A9E13 /* Resources */ = {
			isa = PBXResourcesBuildPhase;
			buildActionMask = 2147483647;
			files = (
				09EA7EFE2AF375CC008A9E13 /* LaunchScreen.storyboard in Resources */,
				09EA7EFB2AF375CC008A9E13 /* Assets.xcassets in Resources */,
				09EA7EF62AF375CB008A9E13 /* Home.storyboard in Resources */,
			);
			runOnlyForDeploymentPostprocessing = 0;
		};
/* End PBXResourcesBuildPhase section */

/* Begin PBXSourcesBuildPhase section */
		09EA7EE72AF375CB008A9E13 /* Sources */ = {
			isa = PBXSourcesBuildPhase;
			buildActionMask = 2147483647;
			files = (
				09EA7EF32AF375CB008A9E13 /* HomeVC.swift in Sources */,
				09EA7EEF2AF375CB008A9E13 /* AppDelegate.swift in Sources */,
				09EA7F0A2AF3774F008A9E13 /* SampleVC.swift in Sources */,
				09EA7EF92AF375CB008A9E13 /* Mirror.xcdatamodeld in Sources */,
				09EA7EF12AF375CB008A9E13 /* SceneDelegate.swift in Sources */,
				09EA7F072AF3770C008A9E13 /* SetLayout.swift in Sources */,
				099BDEC72AF38E4E0084911B /* PermissionExtension.swift in Sources */,
				099BDEC42AF383360084911B /* ImageExtentison.swift in Sources */,
			);
			runOnlyForDeploymentPostprocessing = 0;
		};
/* End PBXSourcesBuildPhase section */

/* Begin PBXVariantGroup section */
		09EA7EF42AF375CB008A9E13 /* Home.storyboard */ = {
			isa = PBXVariantGroup;
			children = (
				09EA7EF52AF375CB008A9E13 /* Base */,
			);
			name = Home.storyboard;
			sourceTree = "<group>";
		};
		09EA7EFC2AF375CC008A9E13 /* LaunchScreen.storyboard */ = {
			isa = PBXVariantGroup;
			children = (
				09EA7EFD2AF375CC008A9E13 /* Base */,
			);
			name = LaunchScreen.storyboard;
			sourceTree = "<group>";
		};
/* End PBXVariantGroup section */

/* Begin XCBuildConfiguration section */
		09EA7F002AF375CC008A9E13 /* Debug */ = {
			isa = XCBuildConfiguration;
			buildSettings = {
				ALWAYS_SEARCH_USER_PATHS = NO;
				CLANG_ANALYZER_NONNULL = YES;
				CLANG_ANALYZER_NUMBER_OBJECT_CONVERSION = YES_AGGRESSIVE;
				CLANG_CXX_LANGUAGE_STANDARD = "gnu++20";
				CLANG_ENABLE_MODULES = YES;
				CLANG_ENABLE_OBJC_ARC = YES;
				CLANG_ENABLE_OBJC_WEAK = YES;
				CLANG_WARN_BLOCK_CAPTURE_AUTORELEASING = YES;
				CLANG_WARN_BOOL_CONVERSION = YES;
				CLANG_WARN_COMMA = YES;
				CLANG_WARN_CONSTANT_CONVERSION = YES;
				CLANG_WARN_DEPRECATED_OBJC_IMPLEMENTATIONS = YES;
				CLANG_WARN_DIRECT_OBJC_ISA_USAGE = YES_ERROR;
				CLANG_WARN_DOCUMENTATION_COMMENTS = YES;
				CLANG_WARN_EMPTY_BODY = YES;
				CLANG_WARN_ENUM_CONVERSION = YES;
				CLANG_WARN_INFINITE_RECURSION = YES;
				CLANG_WARN_INT_CONVERSION = YES;
				CLANG_WARN_NON_LITERAL_NULL_CONVERSION = YES;
				CLANG_WARN_OBJC_IMPLICIT_RETAIN_SELF = YES;
				CLANG_WARN_OBJC_LITERAL_CONVERSION = YES;
				CLANG_WARN_OBJC_ROOT_CLASS = YES_ERROR;
				CLANG_WARN_QUOTED_INCLUDE_IN_FRAMEWORK_HEADER = YES;
				CLANG_WARN_RANGE_LOOP_ANALYSIS = YES;
				CLANG_WARN_STRICT_PROTOTYPES = YES;
				CLANG_WARN_SUSPICIOUS_MOVE = YES;
				CLANG_WARN_UNGUARDED_AVAILABILITY = YES_AGGRESSIVE;
				CLANG_WARN_UNREACHABLE_CODE = YES;
				CLANG_WARN__DUPLICATE_METHOD_MATCH = YES;
				COPY_PHASE_STRIP = NO;
				DEBUG_INFORMATION_FORMAT = dwarf;
				ENABLE_STRICT_OBJC_MSGSEND = YES;
				ENABLE_TESTABILITY = YES;
				GCC_C_LANGUAGE_STANDARD = gnu11;
				GCC_DYNAMIC_NO_PIC = NO;
				GCC_NO_COMMON_BLOCKS = YES;
				GCC_OPTIMIZATION_LEVEL = 0;
				GCC_PREPROCESSOR_DEFINITIONS = (
					"DEBUG=1",
					"$(inherited)",
				);
				GCC_WARN_64_TO_32_BIT_CONVERSION = YES;
				GCC_WARN_ABOUT_RETURN_TYPE = YES_ERROR;
				GCC_WARN_UNDECLARED_SELECTOR = YES;
				GCC_WARN_UNINITIALIZED_AUTOS = YES_AGGRESSIVE;
				GCC_WARN_UNUSED_FUNCTION = YES;
				GCC_WARN_UNUSED_VARIABLE = YES;
				IPHONEOS_DEPLOYMENT_TARGET = 16.4;
				MTL_ENABLE_DEBUG_INFO = INCLUDE_SOURCE;
				MTL_FAST_MATH = YES;
				ONLY_ACTIVE_ARCH = YES;
				SDKROOT = iphoneos;
				SWIFT_ACTIVE_COMPILATION_CONDITIONS = DEBUG;
				SWIFT_OPTIMIZATION_LEVEL = "-Onone";
			};
			name = Debug;
		};
		09EA7F012AF375CC008A9E13 /* Release */ = {
			isa = XCBuildConfiguration;
			buildSettings = {
				ALWAYS_SEARCH_USER_PATHS = NO;
				CLANG_ANALYZER_NONNULL = YES;
				CLANG_ANALYZER_NUMBER_OBJECT_CONVERSION = YES_AGGRESSIVE;
				CLANG_CXX_LANGUAGE_STANDARD = "gnu++20";
				CLANG_ENABLE_MODULES = YES;
				CLANG_ENABLE_OBJC_ARC = YES;
				CLANG_ENABLE_OBJC_WEAK = YES;
				CLANG_WARN_BLOCK_CAPTURE_AUTORELEASING = YES;
				CLANG_WARN_BOOL_CONVERSION = YES;
				CLANG_WARN_COMMA = YES;
				CLANG_WARN_CONSTANT_CONVERSION = YES;
				CLANG_WARN_DEPRECATED_OBJC_IMPLEMENTATIONS = YES;
				CLANG_WARN_DIRECT_OBJC_ISA_USAGE = YES_ERROR;
				CLANG_WARN_DOCUMENTATION_COMMENTS = YES;
				CLANG_WARN_EMPTY_BODY = YES;
				CLANG_WARN_ENUM_CONVERSION = YES;
				CLANG_WARN_INFINITE_RECURSION = YES;
				CLANG_WARN_INT_CONVERSION = YES;
				CLANG_WARN_NON_LITERAL_NULL_CONVERSION = YES;
				CLANG_WARN_OBJC_IMPLICIT_RETAIN_SELF = YES;
				CLANG_WARN_OBJC_LITERAL_CONVERSION = YES;
				CLANG_WARN_OBJC_ROOT_CLASS = YES_ERROR;
				CLANG_WARN_QUOTED_INCLUDE_IN_FRAMEWORK_HEADER = YES;
				CLANG_WARN_RANGE_LOOP_ANALYSIS = YES;
				CLANG_WARN_STRICT_PROTOTYPES = YES;
				CLANG_WARN_SUSPICIOUS_MOVE = YES;
				CLANG_WARN_UNGUARDED_AVAILABILITY = YES_AGGRESSIVE;
				CLANG_WARN_UNREACHABLE_CODE = YES;
				CLANG_WARN__DUPLICATE_METHOD_MATCH = YES;
				COPY_PHASE_STRIP = NO;
				DEBUG_INFORMATION_FORMAT = "dwarf-with-dsym";
				ENABLE_NS_ASSERTIONS = NO;
				ENABLE_STRICT_OBJC_MSGSEND = YES;
				GCC_C_LANGUAGE_STANDARD = gnu11;
				GCC_NO_COMMON_BLOCKS = YES;
				GCC_WARN_64_TO_32_BIT_CONVERSION = YES;
				GCC_WARN_ABOUT_RETURN_TYPE = YES_ERROR;
				GCC_WARN_UNDECLARED_SELECTOR = YES;
				GCC_WARN_UNINITIALIZED_AUTOS = YES_AGGRESSIVE;
				GCC_WARN_UNUSED_FUNCTION = YES;
				GCC_WARN_UNUSED_VARIABLE = YES;
				IPHONEOS_DEPLOYMENT_TARGET = 16.4;
				MTL_ENABLE_DEBUG_INFO = NO;
				MTL_FAST_MATH = YES;
				SDKROOT = iphoneos;
				SWIFT_COMPILATION_MODE = wholemodule;
				SWIFT_OPTIMIZATION_LEVEL = "-O";
				VALIDATE_PRODUCT = YES;
			};
			name = Release;
		};
		09EA7F032AF375CC008A9E13 /* Debug */ = {
			isa = XCBuildConfiguration;
			buildSettings = {
				ASSETCATALOG_COMPILER_APPICON_NAME = AppIcon;
				ASSETCATALOG_COMPILER_GLOBAL_ACCENT_COLOR_NAME = AccentColor;
				CODE_SIGN_STYLE = Automatic;
				CURRENT_PROJECT_VERSION = 1;
				DEVELOPMENT_TEAM = 6GY9T72LC5;
				GENERATE_INFOPLIST_FILE = YES;
				INFOPLIST_FILE = Mirror/Info.plist;
				INFOPLIST_KEY_UIApplicationSupportsIndirectInputEvents = YES;
				INFOPLIST_KEY_UILaunchStoryboardName = LaunchScreen;
				INFOPLIST_KEY_UIMainStoryboardFile = Home;
				INFOPLIST_KEY_UISupportedInterfaceOrientations_iPad = "UIInterfaceOrientationPortrait UIInterfaceOrientationPortraitUpsideDown UIInterfaceOrientationLandscapeLeft UIInterfaceOrientationLandscapeRight";
				INFOPLIST_KEY_UISupportedInterfaceOrientations_iPhone = "UIInterfaceOrientationPortrait UIInterfaceOrientationLandscapeLeft UIInterfaceOrientationLandscapeRight";
				LD_RUNPATH_SEARCH_PATHS = (
					"$(inherited)",
					"@executable_path/Frameworks",
				);
				MARKETING_VERSION = 1.0;
				PRODUCT_BUNDLE_IDENTIFIER = com.Mirror;
				PRODUCT_NAME = "$(TARGET_NAME)";
				SWIFT_EMIT_LOC_STRINGS = YES;
				SWIFT_VERSION = 5.0;
				TARGETED_DEVICE_FAMILY = "1,2";
			};
			name = Debug;
		};
		09EA7F042AF375CC008A9E13 /* Release */ = {
			isa = XCBuildConfiguration;
			buildSettings = {
				ASSETCATALOG_COMPILER_APPICON_NAME = AppIcon;
				ASSETCATALOG_COMPILER_GLOBAL_ACCENT_COLOR_NAME = AccentColor;
				CODE_SIGN_STYLE = Automatic;
				CURRENT_PROJECT_VERSION = 1;
				DEVELOPMENT_TEAM = 6GY9T72LC5;
				GENERATE_INFOPLIST_FILE = YES;
				INFOPLIST_FILE = Mirror/Info.plist;
				INFOPLIST_KEY_UIApplicationSupportsIndirectInputEvents = YES;
				INFOPLIST_KEY_UILaunchStoryboardName = LaunchScreen;
				INFOPLIST_KEY_UIMainStoryboardFile = Home;
				INFOPLIST_KEY_UISupportedInterfaceOrientations_iPad = "UIInterfaceOrientationPortrait UIInterfaceOrientationPortraitUpsideDown UIInterfaceOrientationLandscapeLeft UIInterfaceOrientationLandscapeRight";
				INFOPLIST_KEY_UISupportedInterfaceOrientations_iPhone = "UIInterfaceOrientationPortrait UIInterfaceOrientationLandscapeLeft UIInterfaceOrientationLandscapeRight";
				LD_RUNPATH_SEARCH_PATHS = (
					"$(inherited)",
					"@executable_path/Frameworks",
				);
				MARKETING_VERSION = 1.0;
				PRODUCT_BUNDLE_IDENTIFIER = com.Mirror;
				PRODUCT_NAME = "$(TARGET_NAME)";
				SWIFT_EMIT_LOC_STRINGS = YES;
				SWIFT_VERSION = 5.0;
				TARGETED_DEVICE_FAMILY = "1,2";
			};
			name = Release;
		};
/* End XCBuildConfiguration section */

/* Begin XCConfigurationList section */
		09EA7EE62AF375CB008A9E13 /* Build configuration list for PBXProject "Mirror" */ = {
			isa = XCConfigurationList;
			buildConfigurations = (
				09EA7F002AF375CC008A9E13 /* Debug */,
				09EA7F012AF375CC008A9E13 /* Release */,
			);
			defaultConfigurationIsVisible = 0;
			defaultConfigurationName = Release;
		};
		09EA7F022AF375CC008A9E13 /* Build configuration list for PBXNativeTarget "Mirror" */ = {
			isa = XCConfigurationList;
			buildConfigurations = (
				09EA7F032AF375CC008A9E13 /* Debug */,
				09EA7F042AF375CC008A9E13 /* Release */,
			);
			defaultConfigurationIsVisible = 0;
			defaultConfigurationName = Release;
		};
/* End XCConfigurationList section */

/* Begin XCVersionGroup section */
		09EA7EF72AF375CB008A9E13 /* Mirror.xcdatamodeld */ = {
			isa = XCVersionGroup;
			children = (
				09EA7EF82AF375CB008A9E13 /* Mirror.xcdatamodel */,
			);
			currentVersion = 09EA7EF82AF375CB008A9E13 /* Mirror.xcdatamodel */;
			path = Mirror.xcdatamodeld;
			sourceTree = "<group>";
			versionGroupType = wrapper.xcdatamodel;
		};
/* End XCVersionGroup section */
	};
	rootObject = 09EA7EE32AF375CB008A9E13 /* Project object */;
}
